
Microsoft Visual Studio Solution File, Format Version 12.00
# Visual Studio Version 17
VisualStudioVersion = 17.8.34330.188
MinimumVisualStudioVersion = 10.0.40219.1
Project("{FAE04EC0-301F-11D3-BF4B-00C04F79EFBC}") = "TravelMateAPI", "TravelMateAPI\TravelMateAPI.csproj", "{F629B371-F02A-44F6-A1CA-72C8CAA9147B}"
EndProject
Project("{FAE04EC0-301F-11D3-BF4B-00C04F79EFBC}") = "DataAccess", "DataAccess\DataAccess.csproj", "{03FBF061-B83E-4D96-A950-A3C8F7638819}"
EndProject
Global
	GlobalSection(SolutionConfigurationPlatforms) = preSolution
		Debug|Any CPU = Debug|Any CPU
		Release|Any CPU = Release|Any CPU
	EndGlobalSection
	GlobalSection(ProjectConfigurationPlatforms) = postSolution
		{F629B371-F02A-44F6-A1CA-72C8CAA9147B}.Debug|Any CPU.ActiveCfg = Debug|Any CPU
		{F629B371-F02A-44F6-A1CA-72C8CAA9147B}.Debug|Any CPU.Build.0 = Debug|Any CPU
		{F629B371-F02A-44F6-A1CA-72C8CAA9147B}.Release|Any CPU.ActiveCfg = Release|Any CPU
		{F629B371-F02A-44F6-A1CA-72C8CAA9147B}.Release|Any CPU.Build.0 = Release|Any CPU
		{03FBF061-B83E-4D96-A950-A3C8F7638819}.Debug|Any CPU.ActiveCfg = Debug|Any CPU
		{03FBF061-B83E-4D96-A950-A3C8F7638819}.Debug|Any CPU.Build.0 = Debug|Any CPU
		{03FBF061-B83E-4D96-A950-A3C8F7638819}.Release|Any CPU.ActiveCfg = Release|Any CPU
		{03FBF061-B83E-4D96-A950-A3C8F7638819}.Release|Any CPU.Build.0 = Release|Any CPU
	EndGlobalSection
	GlobalSection(SolutionProperties) = preSolution
		HideSolutionNode = FALSE
	EndGlobalSection
	GlobalSection(ExtensibilityGlobals) = postSolution
		SolutionGuid = {FA67FFDF-D261-4958-880E-C9239617BFDE}
	EndGlobalSection
EndGlobal
